
Microsoft Visual Studio Solution File, Format Version 12.00
# Visual Studio Version 16
VisualStudioVersion = 16.0.30523.141
MinimumVisualStudioVersion = 10.0.40219.1
Project("{FAE04EC0-301F-11D3-BF4B-00C04F79EFBC}") = "IP", "PTP\IP.csproj", "{6EEBB4C5-CF47-4F0B-8476-581E140702B0}"
EndProject
Project("{FAE04EC0-301F-11D3-BF4B-00C04F79EFBC}") = "PTPSERVER", "PTPSERVER\PTPSERVER.csproj", "{83FCCCAA-5749-496E-B806-3A0977B751E8}"
EndProject
Global
	GlobalSection(SolutionConfigurationPlatforms) = preSolution
		Debug|Any CPU = Debug|Any CPU
		Release|Any CPU = Release|Any CPU
	EndGlobalSection
	GlobalSection(ProjectConfigurationPlatforms) = postSolution
		{6EEBB4C5-CF47-4F0B-8476-581E140702B0}.Debug|Any CPU.ActiveCfg = Debug|Any CPU
		{6EEBB4C5-CF47-4F0B-8476-581E140702B0}.Debug|Any CPU.Build.0 = Debug|Any CPU
		{6EEBB4C5-CF47-4F0B-8476-581E140702B0}.Release|Any CPU.ActiveCfg = Release|Any CPU
		{6EEBB4C5-CF47-4F0B-8476-581E140702B0}.Release|Any CPU.Build.0 = Release|Any CPU
		{83FCCCAA-5749-496E-B806-3A0977B751E8}.Debug|Any CPU.ActiveCfg = Debug|Any CPU
		{83FCCCAA-5749-496E-B806-3A0977B751E8}.Debug|Any CPU.Build.0 = Debug|Any CPU
		{83FCCCAA-5749-496E-B806-3A0977B751E8}.Release|Any CPU.ActiveCfg = Release|Any CPU
		{83FCCCAA-5749-496E-B806-3A0977B751E8}.Release|Any CPU.Build.0 = Release|Any CPU
	EndGlobalSection
	GlobalSection(SolutionProperties) = preSolution
		HideSolutionNode = FALSE
	EndGlobalSection
	GlobalSection(ExtensibilityGlobals) = postSolution
		SolutionGuid = {7598B6E3-B5A3-4634-951D-4B982054B7C1}
	EndGlobalSection
EndGlobal
